{
  "nodes": {
    "nixCats": {
      "locked": {
        "lastModified": 1737586685,
        "narHash": "sha256-0a4JQjD+hqU/5hgOZJ84axTt1j/7/3ZVLR7H9/JpF5Y=",
        "owner": "BirdeeHub",
        "repo": "nixCats-nvim",
        "rev": "42178f95ec5698cb157ade86cc16ee36681a95fd",
        "type": "github"
      },
      "original": {
        "owner": "BirdeeHub",
        "repo": "nixCats-nvim",
        "type": "github"
      }
    },
    "nixpkgs": {
      "locked": {
        "lastModified": 1737525964,
        "narHash": "sha256-3wFonKmNRWKq1himW9N3TllbeGIHFACI5vmLpk6moF8=",
        "owner": "nixos",
        "repo": "nixpkgs",
        "rev": "5757bbb8bd7c0630a0cc4bb19c47e588db30b97c",
        "type": "github"
      },
      "original": {
        "owner": "nixos",
        "ref": "nixpkgs-unstable",
        "repo": "nixpkgs",
        "type": "github"
      }
    },
    "root": {
      "inputs": {
        "nixCats": "nixCats",
        "nixpkgs": "nixpkgs"
      }
    }
  },
  "root": "root",
  "version": 7
}
